
Microsoft Visual Studio Solution File, Format Version 12.00
# Visual Studio Version 17
VisualStudioVersion = 17.0.31903.59
MinimumVisualStudioVersion = 10.0.40219.1
Project("{2150E333-8FDC-42A3-9474-1A3956D46DE8}") = "services", "services", "{4465F216-D29E-4CCE-A2B1-F1DA944D434E}"
EndProject
Project("{FAE04EC0-301F-11D3-BF4B-00C04F79EFBC}") = "UserService", "services\UserService\UserService.csproj", "{2E5B992F-B0D9-4B43-BED6-414D69BE4426}"
EndProject
Project("{FAE04EC0-301F-11D3-BF4B-00C04F79EFBC}") = "ProductService", "services\ProductService\ProductService.csproj", "{06801A3C-7EA6-4ED9-9565-EA8BE8B3593C}"
EndProject
Project("{FAE04EC0-301F-11D3-BF4B-00C04F79EFBC}") = "CartService", "services\CartService\CartService.csproj", "{31128411-9159-4B0C-9D79-4C5E8FD97D07}"
EndProject
Project("{FAE04EC0-301F-11D3-BF4B-00C04F79EFBC}") = "OrderService", "services\OrderService\OrderService.csproj", "{DEEB38C9-6772-4064-8636-80919989421D}"
EndProject
Global
	GlobalSection(SolutionConfigurationPlatforms) = preSolution
		Debug|Any CPU = Debug|Any CPU
		Release|Any CPU = Release|Any CPU
	EndGlobalSection
	GlobalSection(SolutionProperties) = preSolution
		HideSolutionNode = FALSE
	EndGlobalSection
	GlobalSection(ProjectConfigurationPlatforms) = postSolution
		{2E5B992F-B0D9-4B43-BED6-414D69BE4426}.Debug|Any CPU.ActiveCfg = Debug|Any CPU
		{2E5B992F-B0D9-4B43-BED6-414D69BE4426}.Debug|Any CPU.Build.0 = Debug|Any CPU
		{2E5B992F-B0D9-4B43-BED6-414D69BE4426}.Release|Any CPU.ActiveCfg = Release|Any CPU
		{2E5B992F-B0D9-4B43-BED6-414D69BE4426}.Release|Any CPU.Build.0 = Release|Any CPU
		{06801A3C-7EA6-4ED9-9565-EA8BE8B3593C}.Debug|Any CPU.ActiveCfg = Debug|Any CPU
		{06801A3C-7EA6-4ED9-9565-EA8BE8B3593C}.Debug|Any CPU.Build.0 = Debug|Any CPU
		{06801A3C-7EA6-4ED9-9565-EA8BE8B3593C}.Release|Any CPU.ActiveCfg = Release|Any CPU
		{06801A3C-7EA6-4ED9-9565-EA8BE8B3593C}.Release|Any CPU.Build.0 = Release|Any CPU
		{31128411-9159-4B0C-9D79-4C5E8FD97D07}.Debug|Any CPU.ActiveCfg = Debug|Any CPU
		{31128411-9159-4B0C-9D79-4C5E8FD97D07}.Debug|Any CPU.Build.0 = Debug|Any CPU
		{31128411-9159-4B0C-9D79-4C5E8FD97D07}.Release|Any CPU.ActiveCfg = Release|Any CPU
		{31128411-9159-4B0C-9D79-4C5E8FD97D07}.Release|Any CPU.Build.0 = Release|Any CPU
		{DEEB38C9-6772-4064-8636-80919989421D}.Debug|Any CPU.ActiveCfg = Debug|Any CPU
		{DEEB38C9-6772-4064-8636-80919989421D}.Debug|Any CPU.Build.0 = Debug|Any CPU
		{DEEB38C9-6772-4064-8636-80919989421D}.Release|Any CPU.ActiveCfg = Release|Any CPU
		{DEEB38C9-6772-4064-8636-80919989421D}.Release|Any CPU.Build.0 = Release|Any CPU
	EndGlobalSection
	GlobalSection(NestedProjects) = preSolution
		{2E5B992F-B0D9-4B43-BED6-414D69BE4426} = {4465F216-D29E-4CCE-A2B1-F1DA944D434E}
		{06801A3C-7EA6-4ED9-9565-EA8BE8B3593C} = {4465F216-D29E-4CCE-A2B1-F1DA944D434E}
		{31128411-9159-4B0C-9D79-4C5E8FD97D07} = {4465F216-D29E-4CCE-A2B1-F1DA944D434E}
		{DEEB38C9-6772-4064-8636-80919989421D} = {4465F216-D29E-4CCE-A2B1-F1DA944D434E}
	EndGlobalSection
EndGlobal
